
Microsoft Visual Studio Solution File, Format Version 12.00
# Visual Studio 14
VisualStudioVersion = 14.0.25123.0
MinimumVisualStudioVersion = 10.0.40219.1
Project("{FAE04EC0-301F-11D3-BF4B-00C04F79EFBC}") = "QRYonda", "QRYonda\QRYonda\QRYonda.csproj", "{BB0732E3-505A-4A19-B5AB-A32799DBB13B}"
EndProject
Project("{FAE04EC0-301F-11D3-BF4B-00C04F79EFBC}") = "QRYonda.Droid", "QRYonda\QRYonda.Droid\QRYonda.Droid.csproj", "{AA8D242C-F304-41CA-9C5C-9E561885EEDB}"
EndProject
Project("{FAE04EC0-301F-11D3-BF4B-00C04F79EFBC}") = "QRYonda.iOS", "QRYonda\QRYonda.iOS\QRYonda.iOS.csproj", "{A7CEA086-451E-420A-B1A7-2218B20788E9}"
EndProject
Global
	GlobalSection(SolutionConfigurationPlatforms) = preSolution
		Ad-Hoc|Any CPU = Ad-Hoc|Any CPU
		Ad-Hoc|ARM = Ad-Hoc|ARM
		Ad-Hoc|iPhone = Ad-Hoc|iPhone
		Ad-Hoc|iPhoneSimulator = Ad-Hoc|iPhoneSimulator
		Ad-Hoc|x64 = Ad-Hoc|x64
		Ad-Hoc|x86 = Ad-Hoc|x86
		AppStore|Any CPU = AppStore|Any CPU
		AppStore|ARM = AppStore|ARM
		AppStore|iPhone = AppStore|iPhone
		AppStore|iPhoneSimulator = AppStore|iPhoneSimulator
		AppStore|x64 = AppStore|x64
		AppStore|x86 = AppStore|x86
		Debug|Any CPU = Debug|Any CPU
		Debug|ARM = Debug|ARM
		Debug|iPhone = Debug|iPhone
		Debug|iPhoneSimulator = Debug|iPhoneSimulator
		Debug|x64 = Debug|x64
		Debug|x86 = Debug|x86
		Release|Any CPU = Release|Any CPU
		Release|ARM = Release|ARM
		Release|iPhone = Release|iPhone
		Release|iPhoneSimulator = Release|iPhoneSimulator
		Release|x64 = Release|x64
		Release|x86 = Release|x86
	EndGlobalSection
	GlobalSection(ProjectConfigurationPlatforms) = postSolution
		{BB0732E3-505A-4A19-B5AB-A32799DBB13B}.Ad-Hoc|Any CPU.ActiveCfg = Release|Any CPU
		{BB0732E3-505A-4A19-B5AB-A32799DBB13B}.Ad-Hoc|Any CPU.Build.0 = Release|Any CPU
		{BB0732E3-505A-4A19-B5AB-A32799DBB13B}.Ad-Hoc|ARM.ActiveCfg = Release|Any CPU
		{BB0732E3-505A-4A19-B5AB-A32799DBB13B}.Ad-Hoc|ARM.Build.0 = Release|Any CPU
		{BB0732E3-505A-4A19-B5AB-A32799DBB13B}.Ad-Hoc|iPhone.ActiveCfg = Release|Any CPU
		{BB0732E3-505A-4A19-B5AB-A32799DBB13B}.Ad-Hoc|iPhone.Build.0 = Release|Any CPU
		{BB0732E3-505A-4A19-B5AB-A32799DBB13B}.Ad-Hoc|iPhoneSimulator.ActiveCfg = Release|Any CPU
		{BB0732E3-505A-4A19-B5AB-A32799DBB13B}.Ad-Hoc|iPhoneSimulator.Build.0 = Release|Any CPU
		{BB0732E3-505A-4A19-B5AB-A32799DBB13B}.Ad-Hoc|x64.ActiveCfg = Release|Any CPU
		{BB0732E3-505A-4A19-B5AB-A32799DBB13B}.Ad-Hoc|x64.Build.0 = Release|Any CPU
		{BB0732E3-505A-4A19-B5AB-A32799DBB13B}.Ad-Hoc|x86.ActiveCfg = Release|Any CPU
		{BB0732E3-505A-4A19-B5AB-A32799DBB13B}.Ad-Hoc|x86.Build.0 = Release|Any CPU
		{BB0732E3-505A-4A19-B5AB-A32799DBB13B}.AppStore|Any CPU.ActiveCfg = Release|Any CPU
		{BB0732E3-505A-4A19-B5AB-A32799DBB13B}.AppStore|Any CPU.Build.0 = Release|Any CPU
		{BB0732E3-505A-4A19-B5AB-A32799DBB13B}.AppStore|ARM.ActiveCfg = Release|Any CPU
		{BB0732E3-505A-4A19-B5AB-A32799DBB13B}.AppStore|ARM.Build.0 = Release|Any CPU
		{BB0732E3-505A-4A19-B5AB-A32799DBB13B}.AppStore|iPhone.ActiveCfg = Release|Any CPU
		{BB0732E3-505A-4A19-B5AB-A32799DBB13B}.AppStore|iPhone.Build.0 = Release|Any CPU
		{BB0732E3-505A-4A19-B5AB-A32799DBB13B}.AppStore|iPhoneSimulator.ActiveCfg = Release|Any CPU
		{BB0732E3-505A-4A19-B5AB-A32799DBB13B}.AppStore|iPhoneSimulator.Build.0 = Release|Any CPU
		{BB0732E3-505A-4A19-B5AB-A32799DBB13B}.AppStore|x64.ActiveCfg = Release|Any CPU
		{BB0732E3-505A-4A19-B5AB-A32799DBB13B}.AppStore|x64.Build.0 = Release|Any CPU
		{BB0732E3-505A-4A19-B5AB-A32799DBB13B}.AppStore|x86.ActiveCfg = Release|Any CPU
		{BB0732E3-505A-4A19-B5AB-A32799DBB13B}.AppStore|x86.Build.0 = Release|Any CPU
		{BB0732E3-505A-4A19-B5AB-A32799DBB13B}.Debug|Any CPU.ActiveCfg = Debug|Any CPU
		{BB0732E3-505A-4A19-B5AB-A32799DBB13B}.Debug|Any CPU.Build.0 = Debug|Any CPU
		{BB0732E3-505A-4A19-B5AB-A32799DBB13B}.Debug|ARM.ActiveCfg = Debug|Any CPU
		{BB0732E3-505A-4A19-B5AB-A32799DBB13B}.Debug|ARM.Build.0 = Debug|Any CPU
		{BB0732E3-505A-4A19-B5AB-A32799DBB13B}.Debug|iPhone.ActiveCfg = Debug|Any CPU
		{BB0732E3-505A-4A19-B5AB-A32799DBB13B}.Debug|iPhone.Build.0 = Debug|Any CPU
		{BB0732E3-505A-4A19-B5AB-A32799DBB13B}.Debug|iPhoneSimulator.ActiveCfg = Debug|Any CPU
		{BB0732E3-505A-4A19-B5AB-A32799DBB13B}.Debug|iPhoneSimulator.Build.0 = Debug|Any CPU
		{BB0732E3-505A-4A19-B5AB-A32799DBB13B}.Debug|x64.ActiveCfg = Debug|Any CPU
		{BB0732E3-505A-4A19-B5AB-A32799DBB13B}.Debug|x64.Build.0 = Debug|Any CPU
		{BB0732E3-505A-4A19-B5AB-A32799DBB13B}.Debug|x86.ActiveCfg = Debug|Any CPU
		{BB0732E3-505A-4A19-B5AB-A32799DBB13B}.Debug|x86.Build.0 = Debug|Any CPU
		{BB0732E3-505A-4A19-B5AB-A32799DBB13B}.Release|Any CPU.ActiveCfg = Release|Any CPU
		{BB0732E3-505A-4A19-B5AB-A32799DBB13B}.Release|Any CPU.Build.0 = Release|Any CPU
		{BB0732E3-505A-4A19-B5AB-A32799DBB13B}.Release|ARM.ActiveCfg = Release|Any CPU
		{BB0732E3-505A-4A19-B5AB-A32799DBB13B}.Release|ARM.Build.0 = Release|Any CPU
		{BB0732E3-505A-4A19-B5AB-A32799DBB13B}.Release|iPhone.ActiveCfg = Release|Any CPU
		{BB0732E3-505A-4A19-B5AB-A32799DBB13B}.Release|iPhone.Build.0 = Release|Any CPU
		{BB0732E3-505A-4A19-B5AB-A32799DBB13B}.Release|iPhoneSimulator.ActiveCfg = Release|Any CPU
		{BB0732E3-505A-4A19-B5AB-A32799DBB13B}.Release|iPhoneSimulator.Build.0 = Release|Any CPU
		{BB0732E3-505A-4A19-B5AB-A32799DBB13B}.Release|x64.ActiveCfg = Release|Any CPU
		{BB0732E3-505A-4A19-B5AB-A32799DBB13B}.Release|x64.Build.0 = Release|Any CPU
		{BB0732E3-505A-4A19-B5AB-A32799DBB13B}.Release|x86.ActiveCfg = Release|Any CPU
		{BB0732E3-505A-4A19-B5AB-A32799DBB13B}.Release|x86.Build.0 = Release|Any CPU
		{AA8D242C-F304-41CA-9C5C-9E561885EEDB}.Ad-Hoc|Any CPU.ActiveCfg = Release|Any CPU
		{AA8D242C-F304-41CA-9C5C-9E561885EEDB}.Ad-Hoc|Any CPU.Build.0 = Release|Any CPU
		{AA8D242C-F304-41CA-9C5C-9E561885EEDB}.Ad-Hoc|Any CPU.Deploy.0 = Release|Any CPU
		{AA8D242C-F304-41CA-9C5C-9E561885EEDB}.Ad-Hoc|ARM.ActiveCfg = Release|Any CPU
		{AA8D242C-F304-41CA-9C5C-9E561885EEDB}.Ad-Hoc|ARM.Build.0 = Release|Any CPU
		{AA8D242C-F304-41CA-9C5C-9E561885EEDB}.Ad-Hoc|ARM.Deploy.0 = Release|Any CPU
		{AA8D242C-F304-41CA-9C5C-9E561885EEDB}.Ad-Hoc|iPhone.ActiveCfg = Release|Any CPU
		{AA8D242C-F304-41CA-9C5C-9E561885EEDB}.Ad-Hoc|iPhone.Build.0 = Release|Any CPU
		{AA8D242C-F304-41CA-9C5C-9E561885EEDB}.Ad-Hoc|iPhone.Deploy.0 = Release|Any CPU
		{AA8D242C-F304-41CA-9C5C-9E561885EEDB}.Ad-Hoc|iPhoneSimulator.ActiveCfg = Release|Any CPU
		{AA8D242C-F304-41CA-9C5C-9E561885EEDB}.Ad-Hoc|iPhoneSimulator.Build.0 = Release|Any CPU
		{AA8D242C-F304-41CA-9C5C-9E561885EEDB}.Ad-Hoc|iPhoneSimulator.Deploy.0 = Release|Any CPU
		{AA8D242C-F304-41CA-9C5C-9E561885EEDB}.Ad-Hoc|x64.ActiveCfg = Release|Any CPU
		{AA8D242C-F304-41CA-9C5C-9E561885EEDB}.Ad-Hoc|x64.Build.0 = Release|Any CPU
		{AA8D242C-F304-41CA-9C5C-9E561885EEDB}.Ad-Hoc|x64.Deploy.0 = Release|Any CPU
		{AA8D242C-F304-41CA-9C5C-9E561885EEDB}.Ad-Hoc|x86.ActiveCfg = Release|Any CPU
		{AA8D242C-F304-41CA-9C5C-9E561885EEDB}.Ad-Hoc|x86.Build.0 = Release|Any CPU
		{AA8D242C-F304-41CA-9C5C-9E561885EEDB}.Ad-Hoc|x86.Deploy.0 = Release|Any CPU
		{AA8D242C-F304-41CA-9C5C-9E561885EEDB}.AppStore|Any CPU.ActiveCfg = Release|Any CPU
		{AA8D242C-F304-41CA-9C5C-9E561885EEDB}.AppStore|Any CPU.Build.0 = Release|Any CPU
		{AA8D242C-F304-41CA-9C5C-9E561885EEDB}.AppStore|Any CPU.Deploy.0 = Release|Any CPU
		{AA8D242C-F304-41CA-9C5C-9E561885EEDB}.AppStore|ARM.ActiveCfg = Release|Any CPU
		{AA8D242C-F304-41CA-9C5C-9E561885EEDB}.AppStore|ARM.Build.0 = Release|Any CPU
		{AA8D242C-F304-41CA-9C5C-9E561885EEDB}.AppStore|ARM.Deploy.0 = Release|Any CPU
		{AA8D242C-F304-41CA-9C5C-9E561885EEDB}.AppStore|iPhone.ActiveCfg = Release|Any CPU
		{AA8D242C-F304-41CA-9C5C-9E561885EEDB}.AppStore|iPhone.Build.0 = Release|Any CPU
		{AA8D242C-F304-41CA-9C5C-9E561885EEDB}.AppStore|iPhone.Deploy.0 = Release|Any CPU
		{AA8D242C-F304-41CA-9C5C-9E561885EEDB}.AppStore|iPhoneSimulator.ActiveCfg = Release|Any CPU
		{AA8D242C-F304-41CA-9C5C-9E561885EEDB}.AppStore|iPhoneSimulator.Build.0 = Release|Any CPU
		{AA8D242C-F304-41CA-9C5C-9E561885EEDB}.AppStore|iPhoneSimulator.Deploy.0 = Release|Any CPU
		{AA8D242C-F304-41CA-9C5C-9E561885EEDB}.AppStore|x64.ActiveCfg = Release|Any CPU
		{AA8D242C-F304-41CA-9C5C-9E561885EEDB}.AppStore|x64.Build.0 = Release|Any CPU
		{AA8D242C-F304-41CA-9C5C-9E561885EEDB}.AppStore|x64.Deploy.0 = Release|Any CPU
		{AA8D242C-F304-41CA-9C5C-9E561885EEDB}.AppStore|x86.ActiveCfg = Release|Any CPU
		{AA8D242C-F304-41CA-9C5C-9E561885EEDB}.AppStore|x86.Build.0 = Release|Any CPU
		{AA8D242C-F304-41CA-9C5C-9E561885EEDB}.AppStore|x86.Deploy.0 = Release|Any CPU
		{AA8D242C-F304-41CA-9C5C-9E561885EEDB}.Debug|Any CPU.ActiveCfg = Debug|Any CPU
		{AA8D242C-F304-41CA-9C5C-9E561885EEDB}.Debug|Any CPU.Build.0 = Debug|Any CPU
		{AA8D242C-F304-41CA-9C5C-9E561885EEDB}.Debug|Any CPU.Deploy.0 = Debug|Any CPU
		{AA8D242C-F304-41CA-9C5C-9E561885EEDB}.Debug|ARM.ActiveCfg = Debug|Any CPU
		{AA8D242C-F304-41CA-9C5C-9E561885EEDB}.Debug|ARM.Build.0 = Debug|Any CPU
		{AA8D242C-F304-41CA-9C5C-9E561885EEDB}.Debug|ARM.Deploy.0 = Debug|Any CPU
		{AA8D242C-F304-41CA-9C5C-9E561885EEDB}.Debug|iPhone.ActiveCfg = Debug|Any CPU
		{AA8D242C-F304-41CA-9C5C-9E561885EEDB}.Debug|iPhone.Build.0 = Debug|Any CPU
		{AA8D242C-F304-41CA-9C5C-9E561885EEDB}.Debug|iPhone.Deploy.0 = Debug|Any CPU
		{AA8D242C-F304-41CA-9C5C-9E561885EEDB}.Debug|iPhoneSimulator.ActiveCfg = Debug|Any CPU
		{AA8D242C-F304-41CA-9C5C-9E561885EEDB}.Debug|iPhoneSimulator.Build.0 = Debug|Any CPU
		{AA8D242C-F304-41CA-9C5C-9E561885EEDB}.Debug|iPhoneSimulator.Deploy.0 = Debug|Any CPU
		{AA8D242C-F304-41CA-9C5C-9E561885EEDB}.Debug|x64.ActiveCfg = Debug|Any CPU
		{AA8D242C-F304-41CA-9C5C-9E561885EEDB}.Debug|x64.Build.0 = Debug|Any CPU
		{AA8D242C-F304-41CA-9C5C-9E561885EEDB}.Debug|x64.Deploy.0 = Debug|Any CPU
		{AA8D242C-F304-41CA-9C5C-9E561885EEDB}.Debug|x86.ActiveCfg = Debug|Any CPU
		{AA8D242C-F304-41CA-9C5C-9E561885EEDB}.Debug|x86.Build.0 = Debug|Any CPU
		{AA8D242C-F304-41CA-9C5C-9E561885EEDB}.Debug|x86.Deploy.0 = Debug|Any CPU
		{AA8D242C-F304-41CA-9C5C-9E561885EEDB}.Release|Any CPU.ActiveCfg = Release|Any CPU
		{AA8D242C-F304-41CA-9C5C-9E561885EEDB}.Release|Any CPU.Build.0 = Release|Any CPU
		{AA8D242C-F304-41CA-9C5C-9E561885EEDB}.Release|Any CPU.Deploy.0 = Release|Any CPU
		{AA8D242C-F304-41CA-9C5C-9E561885EEDB}.Release|ARM.ActiveCfg = Release|Any CPU
		{AA8D242C-F304-41CA-9C5C-9E561885EEDB}.Release|ARM.Build.0 = Release|Any CPU
		{AA8D242C-F304-41CA-9C5C-9E561885EEDB}.Release|ARM.Deploy.0 = Release|Any CPU
		{AA8D242C-F304-41CA-9C5C-9E561885EEDB}.Release|iPhone.ActiveCfg = Release|Any CPU
		{AA8D242C-F304-41CA-9C5C-9E561885EEDB}.Release|iPhone.Build.0 = Release|Any CPU
		{AA8D242C-F304-41CA-9C5C-9E561885EEDB}.Release|iPhone.Deploy.0 = Release|Any CPU
		{AA8D242C-F304-41CA-9C5C-9E561885EEDB}.Release|iPhoneSimulator.ActiveCfg = Release|Any CPU
		{AA8D242C-F304-41CA-9C5C-9E561885EEDB}.Release|iPhoneSimulator.Build.0 = Release|Any CPU
		{AA8D242C-F304-41CA-9C5C-9E561885EEDB}.Release|iPhoneSimulator.Deploy.0 = Release|Any CPU
		{AA8D242C-F304-41CA-9C5C-9E561885EEDB}.Release|x64.ActiveCfg = Release|Any CPU
		{AA8D242C-F304-41CA-9C5C-9E561885EEDB}.Release|x64.Build.0 = Release|Any CPU
		{AA8D242C-F304-41CA-9C5C-9E561885EEDB}.Release|x64.Deploy.0 = Release|Any CPU
		{AA8D242C-F304-41CA-9C5C-9E561885EEDB}.Release|x86.ActiveCfg = Release|Any CPU
		{AA8D242C-F304-41CA-9C5C-9E561885EEDB}.Release|x86.Build.0 = Release|Any CPU
		{AA8D242C-F304-41CA-9C5C-9E561885EEDB}.Release|x86.Deploy.0 = Release|Any CPU
		{A7CEA086-451E-420A-B1A7-2218B20788E9}.Ad-Hoc|Any CPU.ActiveCfg = Ad-Hoc|iPhone
		{A7CEA086-451E-420A-B1A7-2218B20788E9}.Ad-Hoc|ARM.ActiveCfg = Ad-Hoc|iPhone
		{A7CEA086-451E-420A-B1A7-2218B20788E9}.Ad-Hoc|iPhone.ActiveCfg = Ad-Hoc|iPhone
		{A7CEA086-451E-420A-B1A7-2218B20788E9}.Ad-Hoc|iPhone.Build.0 = Ad-Hoc|iPhone
		{A7CEA086-451E-420A-B1A7-2218B20788E9}.Ad-Hoc|iPhoneSimulator.ActiveCfg = Ad-Hoc|iPhoneSimulator
		{A7CEA086-451E-420A-B1A7-2218B20788E9}.Ad-Hoc|iPhoneSimulator.Build.0 = Ad-Hoc|iPhoneSimulator
		{A7CEA086-451E-420A-B1A7-2218B20788E9}.Ad-Hoc|x64.ActiveCfg = Ad-Hoc|iPhone
		{A7CEA086-451E-420A-B1A7-2218B20788E9}.Ad-Hoc|x86.ActiveCfg = Ad-Hoc|iPhone
		{A7CEA086-451E-420A-B1A7-2218B20788E9}.AppStore|Any CPU.ActiveCfg = AppStore|iPhone
		{A7CEA086-451E-420A-B1A7-2218B20788E9}.AppStore|ARM.ActiveCfg = AppStore|iPhone
		{A7CEA086-451E-420A-B1A7-2218B20788E9}.AppStore|iPhone.ActiveCfg = AppStore|iPhone
		{A7CEA086-451E-420A-B1A7-2218B20788E9}.AppStore|iPhone.Build.0 = AppStore|iPhone
		{A7CEA086-451E-420A-B1A7-2218B20788E9}.AppStore|iPhoneSimulator.ActiveCfg = AppStore|iPhoneSimulator
		{A7CEA086-451E-420A-B1A7-2218B20788E9}.AppStore|iPhoneSimulator.Build.0 = AppStore|iPhoneSimulator
		{A7CEA086-451E-420A-B1A7-2218B20788E9}.AppStore|x64.ActiveCfg = AppStore|iPhone
		{A7CEA086-451E-420A-B1A7-2218B20788E9}.AppStore|x86.ActiveCfg = AppStore|iPhone
		{A7CEA086-451E-420A-B1A7-2218B20788E9}.Debug|Any CPU.ActiveCfg = Debug|iPhone
		{A7CEA086-451E-420A-B1A7-2218B20788E9}.Debug|ARM.ActiveCfg = Debug|iPhone
		{A7CEA086-451E-420A-B1A7-2218B20788E9}.Debug|iPhone.ActiveCfg = Debug|iPhone
		{A7CEA086-451E-420A-B1A7-2218B20788E9}.Debug|iPhone.Build.0 = Debug|iPhone
		{A7CEA086-451E-420A-B1A7-2218B20788E9}.Debug|iPhoneSimulator.ActiveCfg = Debug|iPhoneSimulator
		{A7CEA086-451E-420A-B1A7-2218B20788E9}.Debug|iPhoneSimulator.Build.0 = Debug|iPhoneSimulator
		{A7CEA086-451E-420A-B1A7-2218B20788E9}.Debug|x64.ActiveCfg = Debug|iPhone
		{A7CEA086-451E-420A-B1A7-2218B20788E9}.Debug|x86.ActiveCfg = Debug|iPhone
		{A7CEA086-451E-420A-B1A7-2218B20788E9}.Release|Any CPU.ActiveCfg = Release|iPhone
		{A7CEA086-451E-420A-B1A7-2218B20788E9}.Release|ARM.ActiveCfg = Release|iPhone
		{A7CEA086-451E-420A-B1A7-2218B20788E9}.Release|iPhone.ActiveCfg = Release|iPhone
		{A7CEA086-451E-420A-B1A7-2218B20788E9}.Release|iPhone.Build.0 = Release|iPhone
		{A7CEA086-451E-420A-B1A7-2218B20788E9}.Release|iPhoneSimulator.ActiveCfg = Release|iPhoneSimulator
		{A7CEA086-451E-420A-B1A7-2218B20788E9}.Release|iPhoneSimulator.Build.0 = Release|iPhoneSimulator
		{A7CEA086-451E-420A-B1A7-2218B20788E9}.Release|x64.ActiveCfg = Release|iPhone
		{A7CEA086-451E-420A-B1A7-2218B20788E9}.Release|x86.ActiveCfg = Release|iPhone
	EndGlobalSection
	GlobalSection(SolutionProperties) = preSolution
		HideSolutionNode = FALSE
	EndGlobalSection
EndGlobal
